
Microsoft Visual Studio Solution File, Format Version 12.00
# Visual Studio 14
VisualStudioVersion = 14.0.23107.0
MinimumVisualStudioVersion = 10.0.40219.1
Project("{FAE04EC0-301F-11D3-BF4B-00C04F79EFBC}") = "Parser", "Parser\Parser.csproj", "{4E6745FC-5190-4A01-9052-0789FA79F26F}"
EndProject
Project("{FAE04EC0-301F-11D3-BF4B-00C04F79EFBC}") = "Code", "Code\Code.csproj", "{CE0E4556-4739-44F2-8A33-04D56366B08F}"
EndProject
Project("{FAE04EC0-301F-11D3-BF4B-00C04F79EFBC}") = "IParserPlugin", "IParserPlugin\IParserPlugin.csproj", "{6C58A330-D966-4190-80BD-8A929492E356}"
EndProject
Project("{FAE04EC0-301F-11D3-BF4B-00C04F79EFBC}") = "PluginAvito", "PluginAvito\PluginAvito.csproj", "{A5BAB6D6-A086-4055-ACD9-68E259A39AC6}"
EndProject
Project("{FAE04EC0-301F-11D3-BF4B-00C04F79EFBC}") = "PluginCraigslist", "PluginCraigslist\PluginCraigslist.csproj", "{70C4CC0F-9AA9-4D48-A8E3-564910796040}"
EndProject
Project("{FAE04EC0-301F-11D3-BF4B-00C04F79EFBC}") = "PluginKijiji", "PluginKijiji\PluginKijiji.csproj", "{63184BFA-1B71-47E6-9626-C8FDDBB71056}"
EndProject
Global
	GlobalSection(SolutionConfigurationPlatforms) = preSolution
		Debug|Any CPU = Debug|Any CPU
		Debug|ARM = Debug|ARM
		Debug|x64 = Debug|x64
		Debug|x86 = Debug|x86
		Release|Any CPU = Release|Any CPU
		Release|ARM = Release|ARM
		Release|x64 = Release|x64
		Release|x86 = Release|x86
	EndGlobalSection
	GlobalSection(ProjectConfigurationPlatforms) = postSolution
		{4E6745FC-5190-4A01-9052-0789FA79F26F}.Debug|Any CPU.ActiveCfg = Debug|Any CPU
		{4E6745FC-5190-4A01-9052-0789FA79F26F}.Debug|Any CPU.Build.0 = Debug|Any CPU
		{4E6745FC-5190-4A01-9052-0789FA79F26F}.Debug|ARM.ActiveCfg = Debug|Any CPU
		{4E6745FC-5190-4A01-9052-0789FA79F26F}.Debug|ARM.Build.0 = Debug|Any CPU
		{4E6745FC-5190-4A01-9052-0789FA79F26F}.Debug|x64.ActiveCfg = Debug|Any CPU
		{4E6745FC-5190-4A01-9052-0789FA79F26F}.Debug|x64.Build.0 = Debug|Any CPU
		{4E6745FC-5190-4A01-9052-0789FA79F26F}.Debug|x86.ActiveCfg = Debug|Any CPU
		{4E6745FC-5190-4A01-9052-0789FA79F26F}.Debug|x86.Build.0 = Debug|Any CPU
		{4E6745FC-5190-4A01-9052-0789FA79F26F}.Release|Any CPU.ActiveCfg = Release|Any CPU
		{4E6745FC-5190-4A01-9052-0789FA79F26F}.Release|Any CPU.Build.0 = Release|Any CPU
		{4E6745FC-5190-4A01-9052-0789FA79F26F}.Release|ARM.ActiveCfg = Release|Any CPU
		{4E6745FC-5190-4A01-9052-0789FA79F26F}.Release|ARM.Build.0 = Release|Any CPU
		{4E6745FC-5190-4A01-9052-0789FA79F26F}.Release|x64.ActiveCfg = Release|Any CPU
		{4E6745FC-5190-4A01-9052-0789FA79F26F}.Release|x64.Build.0 = Release|Any CPU
		{4E6745FC-5190-4A01-9052-0789FA79F26F}.Release|x86.ActiveCfg = Release|Any CPU
		{4E6745FC-5190-4A01-9052-0789FA79F26F}.Release|x86.Build.0 = Release|Any CPU
		{CE0E4556-4739-44F2-8A33-04D56366B08F}.Debug|Any CPU.ActiveCfg = Debug|Any CPU
		{CE0E4556-4739-44F2-8A33-04D56366B08F}.Debug|Any CPU.Build.0 = Debug|Any CPU
		{CE0E4556-4739-44F2-8A33-04D56366B08F}.Debug|ARM.ActiveCfg = Debug|Any CPU
		{CE0E4556-4739-44F2-8A33-04D56366B08F}.Debug|ARM.Build.0 = Debug|Any CPU
		{CE0E4556-4739-44F2-8A33-04D56366B08F}.Debug|x64.ActiveCfg = Debug|Any CPU
		{CE0E4556-4739-44F2-8A33-04D56366B08F}.Debug|x64.Build.0 = Debug|Any CPU
		{CE0E4556-4739-44F2-8A33-04D56366B08F}.Debug|x86.ActiveCfg = Debug|Any CPU
		{CE0E4556-4739-44F2-8A33-04D56366B08F}.Debug|x86.Build.0 = Debug|Any CPU
		{CE0E4556-4739-44F2-8A33-04D56366B08F}.Release|Any CPU.ActiveCfg = Release|Any CPU
		{CE0E4556-4739-44F2-8A33-04D56366B08F}.Release|Any CPU.Build.0 = Release|Any CPU
		{CE0E4556-4739-44F2-8A33-04D56366B08F}.Release|ARM.ActiveCfg = Release|Any CPU
		{CE0E4556-4739-44F2-8A33-04D56366B08F}.Release|ARM.Build.0 = Release|Any CPU
		{CE0E4556-4739-44F2-8A33-04D56366B08F}.Release|x64.ActiveCfg = Release|Any CPU
		{CE0E4556-4739-44F2-8A33-04D56366B08F}.Release|x64.Build.0 = Release|Any CPU
		{CE0E4556-4739-44F2-8A33-04D56366B08F}.Release|x86.ActiveCfg = Release|Any CPU
		{CE0E4556-4739-44F2-8A33-04D56366B08F}.Release|x86.Build.0 = Release|Any CPU
		{6C58A330-D966-4190-80BD-8A929492E356}.Debug|Any CPU.ActiveCfg = Debug|Any CPU
		{6C58A330-D966-4190-80BD-8A929492E356}.Debug|Any CPU.Build.0 = Debug|Any CPU
		{6C58A330-D966-4190-80BD-8A929492E356}.Debug|ARM.ActiveCfg = Debug|Any CPU
		{6C58A330-D966-4190-80BD-8A929492E356}.Debug|ARM.Build.0 = Debug|Any CPU
		{6C58A330-D966-4190-80BD-8A929492E356}.Debug|x64.ActiveCfg = Debug|Any CPU
		{6C58A330-D966-4190-80BD-8A929492E356}.Debug|x64.Build.0 = Debug|Any CPU
		{6C58A330-D966-4190-80BD-8A929492E356}.Debug|x86.ActiveCfg = Debug|Any CPU
		{6C58A330-D966-4190-80BD-8A929492E356}.Debug|x86.Build.0 = Debug|Any CPU
		{6C58A330-D966-4190-80BD-8A929492E356}.Release|Any CPU.ActiveCfg = Release|Any CPU
		{6C58A330-D966-4190-80BD-8A929492E356}.Release|Any CPU.Build.0 = Release|Any CPU
		{6C58A330-D966-4190-80BD-8A929492E356}.Release|ARM.ActiveCfg = Release|Any CPU
		{6C58A330-D966-4190-80BD-8A929492E356}.Release|ARM.Build.0 = Release|Any CPU
		{6C58A330-D966-4190-80BD-8A929492E356}.Release|x64.ActiveCfg = Release|Any CPU
		{6C58A330-D966-4190-80BD-8A929492E356}.Release|x64.Build.0 = Release|Any CPU
		{6C58A330-D966-4190-80BD-8A929492E356}.Release|x86.ActiveCfg = Release|Any CPU
		{6C58A330-D966-4190-80BD-8A929492E356}.Release|x86.Build.0 = Release|Any CPU
		{A5BAB6D6-A086-4055-ACD9-68E259A39AC6}.Debug|Any CPU.ActiveCfg = Debug|Any CPU
		{A5BAB6D6-A086-4055-ACD9-68E259A39AC6}.Debug|Any CPU.Build.0 = Debug|Any CPU
		{A5BAB6D6-A086-4055-ACD9-68E259A39AC6}.Debug|ARM.ActiveCfg = Debug|Any CPU
		{A5BAB6D6-A086-4055-ACD9-68E259A39AC6}.Debug|ARM.Build.0 = Debug|Any CPU
		{A5BAB6D6-A086-4055-ACD9-68E259A39AC6}.Debug|x64.ActiveCfg = Debug|Any CPU
		{A5BAB6D6-A086-4055-ACD9-68E259A39AC6}.Debug|x64.Build.0 = Debug|Any CPU
		{A5BAB6D6-A086-4055-ACD9-68E259A39AC6}.Debug|x86.ActiveCfg = Debug|Any CPU
		{A5BAB6D6-A086-4055-ACD9-68E259A39AC6}.Debug|x86.Build.0 = Debug|Any CPU
		{A5BAB6D6-A086-4055-ACD9-68E259A39AC6}.Release|Any CPU.ActiveCfg = Release|Any CPU
		{A5BAB6D6-A086-4055-ACD9-68E259A39AC6}.Release|Any CPU.Build.0 = Release|Any CPU
		{A5BAB6D6-A086-4055-ACD9-68E259A39AC6}.Release|ARM.ActiveCfg = Release|Any CPU
		{A5BAB6D6-A086-4055-ACD9-68E259A39AC6}.Release|ARM.Build.0 = Release|Any CPU
		{A5BAB6D6-A086-4055-ACD9-68E259A39AC6}.Release|x64.ActiveCfg = Release|Any CPU
		{A5BAB6D6-A086-4055-ACD9-68E259A39AC6}.Release|x64.Build.0 = Release|Any CPU
		{A5BAB6D6-A086-4055-ACD9-68E259A39AC6}.Release|x86.ActiveCfg = Release|Any CPU
		{A5BAB6D6-A086-4055-ACD9-68E259A39AC6}.Release|x86.Build.0 = Release|Any CPU
		{70C4CC0F-9AA9-4D48-A8E3-564910796040}.Debug|Any CPU.ActiveCfg = Debug|Any CPU
		{70C4CC0F-9AA9-4D48-A8E3-564910796040}.Debug|Any CPU.Build.0 = Debug|Any CPU
		{70C4CC0F-9AA9-4D48-A8E3-564910796040}.Debug|ARM.ActiveCfg = Debug|Any CPU
		{70C4CC0F-9AA9-4D48-A8E3-564910796040}.Debug|ARM.Build.0 = Debug|Any CPU
		{70C4CC0F-9AA9-4D48-A8E3-564910796040}.Debug|x64.ActiveCfg = Debug|Any CPU
		{70C4CC0F-9AA9-4D48-A8E3-564910796040}.Debug|x64.Build.0 = Debug|Any CPU
		{70C4CC0F-9AA9-4D48-A8E3-564910796040}.Debug|x86.ActiveCfg = Debug|Any CPU
		{70C4CC0F-9AA9-4D48-A8E3-564910796040}.Debug|x86.Build.0 = Debug|Any CPU
		{70C4CC0F-9AA9-4D48-A8E3-564910796040}.Release|Any CPU.ActiveCfg = Release|Any CPU
		{70C4CC0F-9AA9-4D48-A8E3-564910796040}.Release|Any CPU.Build.0 = Release|Any CPU
		{70C4CC0F-9AA9-4D48-A8E3-564910796040}.Release|ARM.ActiveCfg = Release|Any CPU
		{70C4CC0F-9AA9-4D48-A8E3-564910796040}.Release|ARM.Build.0 = Release|Any CPU
		{70C4CC0F-9AA9-4D48-A8E3-564910796040}.Release|x64.ActiveCfg = Release|Any CPU
		{70C4CC0F-9AA9-4D48-A8E3-564910796040}.Release|x64.Build.0 = Release|Any CPU
		{70C4CC0F-9AA9-4D48-A8E3-564910796040}.Release|x86.ActiveCfg = Release|Any CPU
		{70C4CC0F-9AA9-4D48-A8E3-564910796040}.Release|x86.Build.0 = Release|Any CPU
		{63184BFA-1B71-47E6-9626-C8FDDBB71056}.Debug|Any CPU.ActiveCfg = Debug|Any CPU
		{63184BFA-1B71-47E6-9626-C8FDDBB71056}.Debug|Any CPU.Build.0 = Debug|Any CPU
		{63184BFA-1B71-47E6-9626-C8FDDBB71056}.Debug|ARM.ActiveCfg = Debug|Any CPU
		{63184BFA-1B71-47E6-9626-C8FDDBB71056}.Debug|ARM.Build.0 = Debug|Any CPU
		{63184BFA-1B71-47E6-9626-C8FDDBB71056}.Debug|x64.ActiveCfg = Debug|Any CPU
		{63184BFA-1B71-47E6-9626-C8FDDBB71056}.Debug|x64.Build.0 = Debug|Any CPU
		{63184BFA-1B71-47E6-9626-C8FDDBB71056}.Debug|x86.ActiveCfg = Debug|Any CPU
		{63184BFA-1B71-47E6-9626-C8FDDBB71056}.Debug|x86.Build.0 = Debug|Any CPU
		{63184BFA-1B71-47E6-9626-C8FDDBB71056}.Release|Any CPU.ActiveCfg = Release|Any CPU
		{63184BFA-1B71-47E6-9626-C8FDDBB71056}.Release|Any CPU.Build.0 = Release|Any CPU
		{63184BFA-1B71-47E6-9626-C8FDDBB71056}.Release|ARM.ActiveCfg = Release|Any CPU
		{63184BFA-1B71-47E6-9626-C8FDDBB71056}.Release|ARM.Build.0 = Release|Any CPU
		{63184BFA-1B71-47E6-9626-C8FDDBB71056}.Release|x64.ActiveCfg = Release|Any CPU
		{63184BFA-1B71-47E6-9626-C8FDDBB71056}.Release|x64.Build.0 = Release|Any CPU
		{63184BFA-1B71-47E6-9626-C8FDDBB71056}.Release|x86.ActiveCfg = Release|Any CPU
		{63184BFA-1B71-47E6-9626-C8FDDBB71056}.Release|x86.Build.0 = Release|Any CPU
	EndGlobalSection
	GlobalSection(SolutionProperties) = preSolution
		HideSolutionNode = FALSE
	EndGlobalSection
EndGlobal
